
Microsoft Visual Studio Solution File, Format Version 12.00
# Visual Studio Version 17
VisualStudioVersion = 17.14.37301.10
MinimumVisualStudioVersion = 10.0.40219.1
Project("{FAE04EC0-301F-11D3-BF4B-00C04F79EFBC}") = "SmartDanfe.WebApp", "SmartDanfe.WebApp.csproj", "{241DF370-AC35-4E68-A221-783A88F421D5}"
EndProject
Global
	GlobalSection(SolutionConfigurationPlatforms) = preSolution
		Debug|Any CPU = Debug|Any CPU
		Release|Any CPU = Release|Any CPU
	EndGlobalSection
	GlobalSection(ProjectConfigurationPlatforms) = postSolution
		{241DF370-AC35-4E68-A221-783A88F421D5}.Debug|Any CPU.ActiveCfg = Debug|Any CPU
		{241DF370-AC35-4E68-A221-783A88F421D5}.Debug|Any CPU.Build.0 = Debug|Any CPU
		{241DF370-AC35-4E68-A221-783A88F421D5}.Release|Any CPU.ActiveCfg = Release|Any CPU
		{241DF370-AC35-4E68-A221-783A88F421D5}.Release|Any CPU.Build.0 = Release|Any CPU
	EndGlobalSection
	GlobalSection(SolutionProperties) = preSolution
		HideSolutionNode = FALSE
	EndGlobalSection
	GlobalSection(ExtensibilityGlobals) = postSolution
		SolutionGuid = {4E39671E-FBCA-45AC-94FC-68B4C9A200FB}
	EndGlobalSection
EndGlobal
